
Microsoft Visual Studio Solution File, Format Version 12.00
# Visual Studio Version 16
VisualStudioVersion = 16.0.29609.76
MinimumVisualStudioVersion = 15.0.26124.0
Project("{9A19103F-16F7-4668-BE54-9A1E7A4F7556}") = "ODatalizer.EF6", "ODatalizer.EF6\ODatalizer.EF6.csproj", "{8C400E90-FCB6-4984-9028-4FEE764FD0DD}"
EndProject
Project("{9A19103F-16F7-4668-BE54-9A1E7A4F7556}") = "Sample.EF6", "Sample.EF6\Sample.EF6.csproj", "{ADFA6397-A0F6-4099-82F2-21F7E8AA73E9}"
EndProject
Project("{9A19103F-16F7-4668-BE54-9A1E7A4F7556}") = "ODatalizer", "ODatalizer\ODatalizer.csproj", "{ADFF982D-4600-4828-B034-F36BC2D18817}"
EndProject
Project("{FAE04EC0-301F-11D3-BF4B-00C04F79EFBC}") = "ODatalizer.EF6.Tests", "ODatalizer.EF6.Tests\ODatalizer.EF6.Tests.csproj", "{B0520436-798F-487E-8095-169E2A869BDE}"
EndProject
Global
	GlobalSection(SolutionConfigurationPlatforms) = preSolution
		Debug|Any CPU = Debug|Any CPU
		Debug|x64 = Debug|x64
		Debug|x86 = Debug|x86
		Release|Any CPU = Release|Any CPU
		Release|x64 = Release|x64
		Release|x86 = Release|x86
	EndGlobalSection
	GlobalSection(ProjectConfigurationPlatforms) = postSolution
		{8C400E90-FCB6-4984-9028-4FEE764FD0DD}.Debug|Any CPU.ActiveCfg = Debug|Any CPU
		{8C400E90-FCB6-4984-9028-4FEE764FD0DD}.Debug|Any CPU.Build.0 = Debug|Any CPU
		{8C400E90-FCB6-4984-9028-4FEE764FD0DD}.Debug|x64.ActiveCfg = Debug|Any CPU
		{8C400E90-FCB6-4984-9028-4FEE764FD0DD}.Debug|x64.Build.0 = Debug|Any CPU
		{8C400E90-FCB6-4984-9028-4FEE764FD0DD}.Debug|x86.ActiveCfg = Debug|Any CPU
		{8C400E90-FCB6-4984-9028-4FEE764FD0DD}.Debug|x86.Build.0 = Debug|Any CPU
		{8C400E90-FCB6-4984-9028-4FEE764FD0DD}.Release|Any CPU.ActiveCfg = Release|Any CPU
		{8C400E90-FCB6-4984-9028-4FEE764FD0DD}.Release|Any CPU.Build.0 = Release|Any CPU
		{8C400E90-FCB6-4984-9028-4FEE764FD0DD}.Release|x64.ActiveCfg = Release|Any CPU
		{8C400E90-FCB6-4984-9028-4FEE764FD0DD}.Release|x64.Build.0 = Release|Any CPU
		{8C400E90-FCB6-4984-9028-4FEE764FD0DD}.Release|x86.ActiveCfg = Release|Any CPU
		{8C400E90-FCB6-4984-9028-4FEE764FD0DD}.Release|x86.Build.0 = Release|Any CPU
		{ADFA6397-A0F6-4099-82F2-21F7E8AA73E9}.Debug|Any CPU.ActiveCfg = Debug|Any CPU
		{ADFA6397-A0F6-4099-82F2-21F7E8AA73E9}.Debug|Any CPU.Build.0 = Debug|Any CPU
		{ADFA6397-A0F6-4099-82F2-21F7E8AA73E9}.Debug|x64.ActiveCfg = Debug|Any CPU
		{ADFA6397-A0F6-4099-82F2-21F7E8AA73E9}.Debug|x64.Build.0 = Debug|Any CPU
		{ADFA6397-A0F6-4099-82F2-21F7E8AA73E9}.Debug|x86.ActiveCfg = Debug|Any CPU
		{ADFA6397-A0F6-4099-82F2-21F7E8AA73E9}.Debug|x86.Build.0 = Debug|Any CPU
		{ADFA6397-A0F6-4099-82F2-21F7E8AA73E9}.Release|Any CPU.ActiveCfg = Release|Any CPU
		{ADFA6397-A0F6-4099-82F2-21F7E8AA73E9}.Release|Any CPU.Build.0 = Release|Any CPU
		{ADFA6397-A0F6-4099-82F2-21F7E8AA73E9}.Release|x64.ActiveCfg = Release|Any CPU
		{ADFA6397-A0F6-4099-82F2-21F7E8AA73E9}.Release|x64.Build.0 = Release|Any CPU
		{ADFA6397-A0F6-4099-82F2-21F7E8AA73E9}.Release|x86.ActiveCfg = Release|Any CPU
		{ADFA6397-A0F6-4099-82F2-21F7E8AA73E9}.Release|x86.Build.0 = Release|Any CPU
		{ADFF982D-4600-4828-B034-F36BC2D18817}.Debug|Any CPU.ActiveCfg = Debug|Any CPU
		{ADFF982D-4600-4828-B034-F36BC2D18817}.Debug|Any CPU.Build.0 = Debug|Any CPU
		{ADFF982D-4600-4828-B034-F36BC2D18817}.Debug|x64.ActiveCfg = Debug|Any CPU
		{ADFF982D-4600-4828-B034-F36BC2D18817}.Debug|x64.Build.0 = Debug|Any CPU
		{ADFF982D-4600-4828-B034-F36BC2D18817}.Debug|x86.ActiveCfg = Debug|Any CPU
		{ADFF982D-4600-4828-B034-F36BC2D18817}.Debug|x86.Build.0 = Debug|Any CPU
		{ADFF982D-4600-4828-B034-F36BC2D18817}.Release|Any CPU.ActiveCfg = Release|Any CPU
		{ADFF982D-4600-4828-B034-F36BC2D18817}.Release|Any CPU.Build.0 = Release|Any CPU
		{ADFF982D-4600-4828-B034-F36BC2D18817}.Release|x64.ActiveCfg = Release|Any CPU
		{ADFF982D-4600-4828-B034-F36BC2D18817}.Release|x64.Build.0 = Release|Any CPU
		{ADFF982D-4600-4828-B034-F36BC2D18817}.Release|x86.ActiveCfg = Release|Any CPU
		{ADFF982D-4600-4828-B034-F36BC2D18817}.Release|x86.Build.0 = Release|Any CPU
		{B0520436-798F-487E-8095-169E2A869BDE}.Debug|Any CPU.ActiveCfg = Debug|Any CPU
		{B0520436-798F-487E-8095-169E2A869BDE}.Debug|Any CPU.Build.0 = Debug|Any CPU
		{B0520436-798F-487E-8095-169E2A869BDE}.Debug|x64.ActiveCfg = Debug|Any CPU
		{B0520436-798F-487E-8095-169E2A869BDE}.Debug|x64.Build.0 = Debug|Any CPU
		{B0520436-798F-487E-8095-169E2A869BDE}.Debug|x86.ActiveCfg = Debug|Any CPU
		{B0520436-798F-487E-8095-169E2A869BDE}.Debug|x86.Build.0 = Debug|Any CPU
		{B0520436-798F-487E-8095-169E2A869BDE}.Release|Any CPU.ActiveCfg = Release|Any CPU
		{B0520436-798F-487E-8095-169E2A869BDE}.Release|Any CPU.Build.0 = Release|Any CPU
		{B0520436-798F-487E-8095-169E2A869BDE}.Release|x64.ActiveCfg = Release|Any CPU
		{B0520436-798F-487E-8095-169E2A869BDE}.Release|x64.Build.0 = Release|Any CPU
		{B0520436-798F-487E-8095-169E2A869BDE}.Release|x86.ActiveCfg = Release|Any CPU
		{B0520436-798F-487E-8095-169E2A869BDE}.Release|x86.Build.0 = Release|Any CPU
	EndGlobalSection
	GlobalSection(SolutionProperties) = preSolution
		HideSolutionNode = FALSE
	EndGlobalSection
	GlobalSection(ExtensibilityGlobals) = postSolution
		SolutionGuid = {5BA00B58-21C9-4A9F-81A8-5972C6B6AC84}
	EndGlobalSection
EndGlobal
